
Microsoft Visual Studio Solution File, Format Version 12.00
# Visual Studio Version 16
VisualStudioVersion = 16.0.29728.190
MinimumVisualStudioVersion = 10.0.40219.1
Project("{9A19103F-16F7-4668-BE54-9A1E7A4F7556}") = "NoticiasAPI", "NoticiasAPI\NoticiasAPI.csproj", "{FBB17750-2173-4C43-A093-9C515FC9F8E8}"
EndProject
Project("{FAE04EC0-301F-11D3-BF4B-00C04F79EFBC}") = "XUnitTestProject1", "XUnitTestProject1\XUnitTestProject1.csproj", "{BCB9F03D-54F1-4D39-8538-4C885363A582}"
EndProject
Global
	GlobalSection(SolutionConfigurationPlatforms) = preSolution
		Debug|Any CPU = Debug|Any CPU
		Release|Any CPU = Release|Any CPU
	EndGlobalSection
	GlobalSection(ProjectConfigurationPlatforms) = postSolution
		{FBB17750-2173-4C43-A093-9C515FC9F8E8}.Debug|Any CPU.ActiveCfg = Debug|Any CPU
		{FBB17750-2173-4C43-A093-9C515FC9F8E8}.Debug|Any CPU.Build.0 = Debug|Any CPU
		{FBB17750-2173-4C43-A093-9C515FC9F8E8}.Release|Any CPU.ActiveCfg = Release|Any CPU
		{FBB17750-2173-4C43-A093-9C515FC9F8E8}.Release|Any CPU.Build.0 = Release|Any CPU
		{BCB9F03D-54F1-4D39-8538-4C885363A582}.Debug|Any CPU.ActiveCfg = Debug|Any CPU
		{BCB9F03D-54F1-4D39-8538-4C885363A582}.Debug|Any CPU.Build.0 = Debug|Any CPU
		{BCB9F03D-54F1-4D39-8538-4C885363A582}.Release|Any CPU.ActiveCfg = Release|Any CPU
		{BCB9F03D-54F1-4D39-8538-4C885363A582}.Release|Any CPU.Build.0 = Release|Any CPU
	EndGlobalSection
	GlobalSection(SolutionProperties) = preSolution
		HideSolutionNode = FALSE
	EndGlobalSection
	GlobalSection(ExtensibilityGlobals) = postSolution
		SolutionGuid = {1ECDF8B3-7E3F-4AB9-B0F2-8F5D7FFA909E}
	EndGlobalSection
EndGlobal
